// !$*UTF8*$!
{
	archiveVersion = 1;
	classes = {
	};
	objectVersion = 46;
	objects = {

/* Begin PBXBuildFile section */
		75C69ACB1CDF8C1300368A51 /* main.m in Sources */ = {isa = PBXBuildFile; fileRef = 75C69ACA1CDF8C1300368A51 /* main.m */; };
		75C69AD21CDF8CF300368A51 /* libreadline.tbd in Frameworks */ = {isa = PBXBuildFile; fileRef = 75C69AD11CDF8CF300368A51 /* libreadline.tbd */; };
/* End PBXBuildFile section */

/* Begin PBXCopyFilesBuildPhase section */
		75C69AC51CDF8C1300368A51 /* CopyFiles */ = {
			isa = PBXCopyFilesBuildPhase;
			buildActionMask = 2147483647;
			dstPath = /usr/share/man/man1/;
			dstSubfolderSpec = 0;
			files = (
			);
			runOnlyForDeploymentPostprocessing = 1;
		};
/* End PBXCopyFilesBuildPhase section */

/* Begin PBXFileReference section */
		75C69AC71CDF8C1300368A51 /* UsingReadLine */ = {isa = PBXFileReference; explicitFileType = "compiled.mach-o.executable"; includeInIndex = 0; path = UsingReadLine; sourceTree = BUILT_PRODUCTS_DIR; };
		75C69ACA1CDF8C1300368A51 /* main.m */ = {isa = PBXFileReference; lastKnownFileType = sourcecode.c.objc; path = main.m; sourceTree = "<group>"; };
		75C69AD11CDF8CF300368A51 /* libreadline.tbd */ = {isa = PBXFileReference; lastKnownFileType = "sourcecode.text-based-dylib-definition"; name = libreadline.tbd; path = usr/lib/libreadline.tbd; sourceTree = SDKROOT; };
/* End PBXFileReference section */

/* Begin PBXFrameworksBuildPhase section */
		75C69AC41CDF8C1300368A51 /* Frameworks */ = {
			isa = PBXFrameworksBuildPhase;
			buildActionMask = 2147483647;
			files = (
				75C69AD21CDF8CF300368A51 /* libreadline.tbd in Frameworks */,
			);
			runOnlyForDeploymentPostprocessing = 0;
		};
/* End PBXFrameworksBuildPhase section */

/* Begin PBXGroup section */
		75C69ABE1CDF8C1300368A51 = {
			isa = PBXGroup;
			children = (
				75C69AD11CDF8CF300368A51 /* libreadline.tbd */,
				75C69AC91CDF8C1300368A51 /* UsingReadLine */,
				75C69AC81CDF8C1300368A51 /* Products */,
			);
			sourceTree = "<group>";
		};
		75C69AC81CDF8C1300368A51 /* Products */ = {
			isa = PBXGroup;
			children = (
				75C69AC71CDF8C1300368A51 /* UsingReadLine */,
			);
			name = Products;
			sourceTree = "<group>";
		};
		75C69AC91CDF8C1300368A51 /* UsingReadLine */ = {
			isa = PBXGroup;
			children = (
				75C69ACA1CDF8C1300368A51 /* main.m */,
			);
			path = UsingReadLine;
			sourceTree = "<group>";
		};
/* End PBXGroup section */

/* Begin PBXNativeTarget section */
		75C69AC61CDF8C1300368A51 /* UsingReadLine */ = {
			isa = PBXNativeTarget;
			buildConfigurationList = 75C69ACE1CDF8C1300368A51 /* Build configuration list for PBXNativeTarget "UsingReadLine" */;
			buildPhases = (
				75C69AC31CDF8C1300368A51 /* Sources */,
				75C69AC41CDF8C1300368A51 /* Frameworks */,
				75C69AC51CDF8C1300368A51 /* CopyFiles */,
			);
			buildRules = (
			);
			dependencies = (
			);
			name = UsingReadLine;
			productName = UsingReadLine;
			productReference = 75C69AC71CDF8C1300368A51 /* UsingReadLine */;
			productType = "com.apple.product-type.tool";
		};
/* End PBXNativeTarget section */

/* Begin PBXProject section */
		75C69ABF1CDF8C1300368A51 /* Project object */ = {
			isa = PBXProject;
			attributes = {
				LastUpgradeCheck = 0720;
				ORGANIZATIONNAME = "Linqi Zhang";
				TargetAttributes = {
					75C69AC61CDF8C1300368A51 = {
						CreatedOnToolsVersion = 7.2;
					};
				};
			};
			buildConfigurationList = 75C69AC21CDF8C1300368A51 /* Build configuration list for PBXProject "UsingReadLine" */;
			compatibilityVersion = "Xcode 3.2";
			developmentRegion = English;
			hasScannedForEncodings = 0;
			knownRegions = (
				en,
			);
			mainGroup = 75C69ABE1CDF8C1300368A51;
			productRefGroup = 75C69AC81CDF8C1300368A51 /* Products */;
			projectDirPath = "";
			projectRoot = "";
			targets = (
				75C69AC61CDF8C1300368A51 /* UsingReadLine */,
			);
		};
/* End PBXProject section */

/* Begin PBXSourcesBuildPhase section */
		75C69AC31CDF8C1300368A51 /* Sources */ = {
			isa = PBXSourcesBuildPhase;
			buildActionMask = 2147483647;
			files = (
				75C69ACB1CDF8C1300368A51 /* main.m in Sources */,
			);
			runOnlyForDeploymentPostprocessing = 0;
		};
/* End PBXSourcesBuildPhase section */

/* Begin XCBuildConfiguration section */
		75C69ACC1CDF8C1300368A51 /* Debug */ = {
			isa = XCBuildConfiguration;
			buildSettings = {
				ALWAYS_SEARCH_USER_PATHS = NO;
				CLANG_CXX_LANGUAGE_STANDARD = "gnu++0x";
				CLANG_CXX_LIBRARY = "libc++";
				CLANG_ENABLE_MODULES = YES;
				CLANG_ENABLE_OBJC_ARC = YES;
				CLANG_WARN_BOOL_CONVERSION = YES;
				CLANG_WARN_CONSTANT_CONVERSION = YES;
				CLANG_WARN_DIRECT_OBJC_ISA_USAGE = YES_ERROR;
				CLANG_WARN_EMPTY_BODY = YES;
				CLANG_WARN_ENUM_CONVERSION = YES;
				CLANG_WARN_INT_CONVERSION = YES;
				CLANG_WARN_OBJC_ROOT_CLASS = YES_ERROR;
				CLANG_WARN_UNREACHABLE_CODE = YES;
				CLANG_WARN__DUPLICATE_METHOD_MATCH = YES;
				CODE_SIGN_IDENTITY = "-";
				COPY_PHASE_STRIP = NO;
				DEBUG_INFORMATION_FORMAT = dwarf;
				ENABLE_STRICT_OBJC_MSGSEND = YES;
				ENABLE_TESTABILITY = YES;
				GCC_C_LANGUAGE_STANDARD = gnu99;
				GCC_DYNAMIC_NO_PIC = NO;
				GCC_NO_COMMON_BLOCKS = YES;
				GCC_OPTIMIZATION_LEVEL = 0;
				GCC_PREPROCESSOR_DEFINITIONS = (
					"DEBUG=1",
					"$(inherited)",
				);
				GCC_WARN_64_TO_32_BIT_CONVERSION = YES;
				GCC_WARN_ABOUT_RETURN_TYPE = YES_ERROR;
				GCC_WARN_UNDECLARED_SELECTOR = YES;
				GCC_WARN_UNINITIALIZED_AUTOS = YES_AGGRESSIVE;
				GCC_WARN_UNUSED_FUNCTION = YES;
				GCC_WARN_UNUSED_VARIABLE = YES;
				MACOSX_DEPLOYMENT_TARGET = 10.11;
				MTL_ENABLE_DEBUG_INFO = YES;
				ONLY_ACTIVE_ARCH = YES;
				SDKROOT = macosx;
			};
			name = Debug;
		};
		75C69ACD1CDF8C1300368A51 /* Release */ = {
			isa = XCBuildConfiguration;
			buildSettings = {
				ALWAYS_SEARCH_USER_PATHS = NO;
				CLANG_CXX_LANGUAGE_STANDARD = "gnu++0x";
				CLANG_CXX_LIBRARY = "libc++";
				CLANG_ENABLE_MODULES = YES;
				CLANG_ENABLE_OBJC_ARC = YES;
				CLANG_WARN_BOOL_CONVERSION = YES;
				CLANG_WARN_CONSTANT_CONVERSION = YES;
				CLANG_WARN_DIRECT_OBJC_ISA_USAGE = YES_ERROR;
				CLANG_WARN_EMPTY_BODY = YES;
				CLANG_WARN_ENUM_CONVERSION = YES;
				CLANG_WARN_INT_CONVERSION = YES;
				CLANG_WARN_OBJC_ROOT_CLASS = YES_ERROR;
				CLANG_WARN_UNREACHABLE_CODE = YES;
				CLANG_WARN__DUPLICATE_METHOD_MATCH = YES;
				CODE_SIGN_IDENTITY = "-";
				COPY_PHASE_STRIP = NO;
				DEBUG_INFORMATION_FORMAT = "dwarf-with-dsym";
				ENABLE_NS_ASSERTIONS = NO;
				ENABLE_STRICT_OBJC_MSGSEND = YES;
				GCC_C_LANGUAGE_STANDARD = gnu99;
				GCC_NO_COMMON_BLOCKS = YES;
				GCC_WARN_64_TO_32_BIT_CONVERSION = YES;
				GCC_WARN_ABOUT_RETURN_TYPE = YES_ERROR;
				GCC_WARN_UNDECLARED_SELECTOR = YES;
				GCC_WARN_UNINITIALIZED_AUTOS = YES_AGGRESSIVE;
				GCC_WARN_UNUSED_FUNCTION = YES;
				GCC_WARN_UNUSED_VARIABLE = YES;
				MACOSX_DEPLOYMENT_TARGET = 10.11;
				MTL_ENABLE_DEBUG_INFO = NO;
				SDKROOT = macosx;
			};
			name = Release;
		};
		75C69ACF1CDF8C1300368A51 /* Debug */ = {
			isa = XCBuildConfiguration;
			buildSettings = {
				PRODUCT_NAME = "$(TARGET_NAME)";
			};
			name = Debug;
		};
		75C69AD01CDF8C1300368A51 /* Release */ = {
			isa = XCBuildConfiguration;
			buildSettings = {
				PRODUCT_NAME = "$(TARGET_NAME)";
			};
			name = Release;
		};
/* End XCBuildConfiguration section */

/* Begin XCConfigurationList section */
		75C69AC21CDF8C1300368A51 /* Build configuration list for PBXProject "UsingReadLine" */ = {
			isa = XCConfigurationList;
			buildConfigurations = (
				75C69ACC1CDF8C1300368A51 /* Debug */,
				75C69ACD1CDF8C1300368A51 /* Release */,
			);
			defaultConfigurationIsVisible = 0;
			defaultConfigurationName = Release;
		};
		75C69ACE1CDF8C1300368A51 /* Build configuration list for PBXNativeTarget "UsingReadLine" */ = {
			isa = XCConfigurationList;
			buildConfigurations = (
				75C69ACF1CDF8C1300368A51 /* Debug */,
				75C69AD01CDF8C1300368A51 /* Release */,
			);
			defaultConfigurationIsVisible = 0;
		};
/* End XCConfigurationList section */
	};
	rootObject = 75C69ABF1CDF8C1300368A51 /* Project object */;
}
